
Microsoft Visual Studio Solution File, Format Version 12.00
# Visual Studio Version 17
VisualStudioVersion = 17.7.34024.191
MinimumVisualStudioVersion = 10.0.40219.1
Project("{FAE04EC0-301F-11D3-BF4B-00C04F79EFBC}") = "ALOD.Core", "ALOD.Core\ALOD.Core.csproj", "{72E099C6-293D-4131-9263-41A2479D78BE}"
EndProject
Project("{FAE04EC0-301F-11D3-BF4B-00C04F79EFBC}") = "ALOD.Data", "ALOD.Data\ALOD.Data.csproj", "{6BAE87C1-7081-4DC5-9DB3-B1D19A99F954}"
EndProject
Project("{FAE04EC0-301F-11D3-BF4B-00C04F79EFBC}") = "ALOD.Logging", "ALOD.Logging\ALOD.Logging.csproj", "{D9EF4C09-AC2A-4A32-9C92-29BB73B90F23}"
EndProject
Project("{2150E333-8FDC-42A3-9474-1A3956D46DE8}") = "Solution Items", "Solution Items", "{53751E54-4B4C-4F90-86ED-C74A9EDA19E5}"
EndProject
Project("{F184B08F-C81C-45F6-A57F-5ABD9991F28F}") = "ALOD", "ALOD\ALOD.vbproj", "{64BBD9C1-20F4-4475-B430-272482331AD8}"
	ProjectSection(ProjectDependencies) = postProject
		{6BAE87C1-7081-4DC5-9DB3-B1D19A99F954} = {6BAE87C1-7081-4DC5-9DB3-B1D19A99F954}
		{72E099C6-293D-4131-9263-41A2479D78BE} = {72E099C6-293D-4131-9263-41A2479D78BE}
		{C353E34E-6F72-4196-A2A3-461320AF0799} = {C353E34E-6F72-4196-A2A3-461320AF0799}
		{D9EF4C09-AC2A-4A32-9C92-29BB73B90F23} = {D9EF4C09-AC2A-4A32-9C92-29BB73B90F23}
		{FEC2CBF4-810F-4CF5-B832-808C89F07889} = {FEC2CBF4-810F-4CF5-B832-808C89F07889}
	EndProjectSection
EndProject
Project("{F184B08F-C81C-45F6-A57F-5ABD9991F28F}") = "ALODWebUtility", "ALODWebUtility\ALODWebUtility.vbproj", "{C353E34E-6F72-4196-A2A3-461320AF0799}"
	ProjectSection(ProjectDependencies) = postProject
		{6BAE87C1-7081-4DC5-9DB3-B1D19A99F954} = {6BAE87C1-7081-4DC5-9DB3-B1D19A99F954}
		{72E099C6-293D-4131-9263-41A2479D78BE} = {72E099C6-293D-4131-9263-41A2479D78BE}
		{D9EF4C09-AC2A-4A32-9C92-29BB73B90F23} = {D9EF4C09-AC2A-4A32-9C92-29BB73B90F23}
	EndProjectSection
EndProject
Project("{F184B08F-C81C-45F6-A57F-5ABD9991F28F}") = "SRXLite", "SRXLite\SRXLite.vbproj", "{FEC2CBF4-810F-4CF5-B832-808C89F07889}"
EndProject
Project("{FAE04EC0-301F-11D3-BF4B-00C04F79EFBC}") = "ALOD.Tests", "ALOD.Tests\ALOD.Tests.csproj", "{8A1B2C3D-4E5F-6A7B-8C9D-0E1F2A3B4C5D}"
EndProject
Project("{FAE04EC0-301F-11D3-BF4B-00C04F79EFBC}") = "ALODWebUtility.CS", "ALODWebUtility.CS\ALODWebUtility.CS.csproj", "{A1B2C3D4-E5F6-7890-ABCD-EF1234567890}"
	ProjectSection(ProjectDependencies) = postProject
		{6BAE87C1-7081-4DC5-9DB3-B1D19A99F954} = {6BAE87C1-7081-4DC5-9DB3-B1D19A99F954}
		{72E099C6-293D-4131-9263-41A2479D78BE} = {72E099C6-293D-4131-9263-41A2479D78BE}
		{D9EF4C09-AC2A-4A32-9C92-29BB73B90F23} = {D9EF4C09-AC2A-4A32-9C92-29BB73B90F23}
	EndProjectSection
EndProject
Project("{FAE04EC0-301F-11D3-BF4B-00C04F79EFBC}") = "ALOD.CS", "ALOD.CS\ALOD.CS.csproj", "{B5C6D7E8-F9A0-4B1C-8D2E-3F4A5B6C7D8E}"
	ProjectSection(ProjectDependencies) = postProject
		{6BAE87C1-7081-4DC5-9DB3-B1D19A99F954} = {6BAE87C1-7081-4DC5-9DB3-B1D19A99F954}
		{72E099C6-293D-4131-9263-41A2479D78BE} = {72E099C6-293D-4131-9263-41A2479D78BE}
		{D9EF4C09-AC2A-4A32-9C92-29BB73B90F23} = {D9EF4C09-AC2A-4A32-9C92-29BB73B90F23}
		{A1B2C3D4-E5F6-7890-ABCD-EF1234567890} = {A1B2C3D4-E5F6-7890-ABCD-EF1234567890}
	EndProjectSection
EndProject
Global
	GlobalSection(SolutionConfigurationPlatforms) = preSolution
		Debug|Any CPU = Debug|Any CPU
		Production|Any CPU = Production|Any CPU
		Release|Any CPU = Release|Any CPU
		Staging|Any CPU = Staging|Any CPU
		Testing|Any CPU = Testing|Any CPU
	EndGlobalSection
	GlobalSection(ProjectConfigurationPlatforms) = postSolution
		{72E099C6-293D-4131-9263-41A2479D78BE}.Debug|Any CPU.ActiveCfg = Debug|Any CPU
		{72E099C6-293D-4131-9263-41A2479D78BE}.Debug|Any CPU.Build.0 = Debug|Any CPU
		{72E099C6-293D-4131-9263-41A2479D78BE}.Production|Any CPU.ActiveCfg = Production|Any CPU
		{72E099C6-293D-4131-9263-41A2479D78BE}.Production|Any CPU.Build.0 = Production|Any CPU
		{72E099C6-293D-4131-9263-41A2479D78BE}.Release|Any CPU.ActiveCfg = Release|Any CPU
		{72E099C6-293D-4131-9263-41A2479D78BE}.Release|Any CPU.Build.0 = Release|Any CPU
		{72E099C6-293D-4131-9263-41A2479D78BE}.Staging|Any CPU.ActiveCfg = Staging|Any CPU
		{72E099C6-293D-4131-9263-41A2479D78BE}.Staging|Any CPU.Build.0 = Staging|Any CPU
		{72E099C6-293D-4131-9263-41A2479D78BE}.Testing|Any CPU.ActiveCfg = Testing|Any CPU
		{72E099C6-293D-4131-9263-41A2479D78BE}.Testing|Any CPU.Build.0 = Testing|Any CPU
		{6BAE87C1-7081-4DC5-9DB3-B1D19A99F954}.Debug|Any CPU.ActiveCfg = Debug|Any CPU
		{6BAE87C1-7081-4DC5-9DB3-B1D19A99F954}.Debug|Any CPU.Build.0 = Debug|Any CPU
		{6BAE87C1-7081-4DC5-9DB3-B1D19A99F954}.Production|Any CPU.ActiveCfg = Production|Any CPU
		{6BAE87C1-7081-4DC5-9DB3-B1D19A99F954}.Production|Any CPU.Build.0 = Production|Any CPU
		{6BAE87C1-7081-4DC5-9DB3-B1D19A99F954}.Release|Any CPU.ActiveCfg = Release|Any CPU
		{6BAE87C1-7081-4DC5-9DB3-B1D19A99F954}.Release|Any CPU.Build.0 = Release|Any CPU
		{6BAE87C1-7081-4DC5-9DB3-B1D19A99F954}.Staging|Any CPU.ActiveCfg = Staging|Any CPU
		{6BAE87C1-7081-4DC5-9DB3-B1D19A99F954}.Staging|Any CPU.Build.0 = Staging|Any CPU
		{6BAE87C1-7081-4DC5-9DB3-B1D19A99F954}.Testing|Any CPU.ActiveCfg = Testing|Any CPU
		{6BAE87C1-7081-4DC5-9DB3-B1D19A99F954}.Testing|Any CPU.Build.0 = Testing|Any CPU
		{D9EF4C09-AC2A-4A32-9C92-29BB73B90F23}.Debug|Any CPU.ActiveCfg = Debug|Any CPU
		{D9EF4C09-AC2A-4A32-9C92-29BB73B90F23}.Debug|Any CPU.Build.0 = Debug|Any CPU
		{D9EF4C09-AC2A-4A32-9C92-29BB73B90F23}.Production|Any CPU.ActiveCfg = Production|Any CPU
		{D9EF4C09-AC2A-4A32-9C92-29BB73B90F23}.Production|Any CPU.Build.0 = Production|Any CPU
		{D9EF4C09-AC2A-4A32-9C92-29BB73B90F23}.Release|Any CPU.ActiveCfg = Release|Any CPU
		{D9EF4C09-AC2A-4A32-9C92-29BB73B90F23}.Release|Any CPU.Build.0 = Release|Any CPU
		{D9EF4C09-AC2A-4A32-9C92-29BB73B90F23}.Staging|Any CPU.ActiveCfg = Staging|Any CPU
		{D9EF4C09-AC2A-4A32-9C92-29BB73B90F23}.Staging|Any CPU.Build.0 = Staging|Any CPU
		{D9EF4C09-AC2A-4A32-9C92-29BB73B90F23}.Testing|Any CPU.ActiveCfg = Testing|Any CPU
		{D9EF4C09-AC2A-4A32-9C92-29BB73B90F23}.Testing|Any CPU.Build.0 = Testing|Any CPU
		{64BBD9C1-20F4-4475-B430-272482331AD8}.Debug|Any CPU.ActiveCfg = Debug|Any CPU
		{64BBD9C1-20F4-4475-B430-272482331AD8}.Debug|Any CPU.Build.0 = Debug|Any CPU
		{64BBD9C1-20F4-4475-B430-272482331AD8}.Production|Any CPU.ActiveCfg = Production|Any CPU
		{64BBD9C1-20F4-4475-B430-272482331AD8}.Production|Any CPU.Build.0 = Production|Any CPU
		{64BBD9C1-20F4-4475-B430-272482331AD8}.Release|Any CPU.ActiveCfg = Release|Any CPU
		{64BBD9C1-20F4-4475-B430-272482331AD8}.Release|Any CPU.Build.0 = Release|Any CPU
		{64BBD9C1-20F4-4475-B430-272482331AD8}.Staging|Any CPU.ActiveCfg = Staging|Any CPU
		{64BBD9C1-20F4-4475-B430-272482331AD8}.Staging|Any CPU.Build.0 = Staging|Any CPU
		{64BBD9C1-20F4-4475-B430-272482331AD8}.Testing|Any CPU.ActiveCfg = Testing|Any CPU
		{64BBD9C1-20F4-4475-B430-272482331AD8}.Testing|Any CPU.Build.0 = Testing|Any CPU
		{C353E34E-6F72-4196-A2A3-461320AF0799}.Debug|Any CPU.ActiveCfg = Debug|Any CPU
		{C353E34E-6F72-4196-A2A3-461320AF0799}.Debug|Any CPU.Build.0 = Debug|Any CPU
		{C353E34E-6F72-4196-A2A3-461320AF0799}.Production|Any CPU.ActiveCfg = Production|Any CPU
		{C353E34E-6F72-4196-A2A3-461320AF0799}.Production|Any CPU.Build.0 = Production|Any CPU
		{C353E34E-6F72-4196-A2A3-461320AF0799}.Release|Any CPU.ActiveCfg = Release|Any CPU
		{C353E34E-6F72-4196-A2A3-461320AF0799}.Release|Any CPU.Build.0 = Release|Any CPU
		{C353E34E-6F72-4196-A2A3-461320AF0799}.Staging|Any CPU.ActiveCfg = Staging|Any CPU
		{C353E34E-6F72-4196-A2A3-461320AF0799}.Staging|Any CPU.Build.0 = Staging|Any CPU
		{C353E34E-6F72-4196-A2A3-461320AF0799}.Testing|Any CPU.ActiveCfg = Testing|Any CPU
		{C353E34E-6F72-4196-A2A3-461320AF0799}.Testing|Any CPU.Build.0 = Testing|Any CPU
		{FEC2CBF4-810F-4CF5-B832-808C89F07889}.Debug|Any CPU.ActiveCfg = Debug|Any CPU
		{FEC2CBF4-810F-4CF5-B832-808C89F07889}.Debug|Any CPU.Build.0 = Debug|Any CPU
		{FEC2CBF4-810F-4CF5-B832-808C89F07889}.Production|Any CPU.ActiveCfg = Production|Any CPU
		{FEC2CBF4-810F-4CF5-B832-808C89F07889}.Production|Any CPU.Build.0 = Production|Any CPU
		{FEC2CBF4-810F-4CF5-B832-808C89F07889}.Release|Any CPU.ActiveCfg = Release|Any CPU
		{FEC2CBF4-810F-4CF5-B832-808C89F07889}.Release|Any CPU.Build.0 = Release|Any CPU
		{FEC2CBF4-810F-4CF5-B832-808C89F07889}.Staging|Any CPU.ActiveCfg = Staging|Any CPU
		{FEC2CBF4-810F-4CF5-B832-808C89F07889}.Staging|Any CPU.Build.0 = Staging|Any CPU
		{FEC2CBF4-810F-4CF5-B832-808C89F07889}.Testing|Any CPU.ActiveCfg = Testing|Any CPU
		{FEC2CBF4-810F-4CF5-B832-808C89F07889}.Testing|Any CPU.Build.0 = Testing|Any CPU
		{8A1B2C3D-4E5F-6A7B-8C9D-0E1F2A3B4C5D}.Debug|Any CPU.ActiveCfg = Debug|Any CPU
		{8A1B2C3D-4E5F-6A7B-8C9D-0E1F2A3B4C5D}.Debug|Any CPU.Build.0 = Debug|Any CPU
		{8A1B2C3D-4E5F-6A7B-8C9D-0E1F2A3B4C5D}.Production|Any CPU.ActiveCfg = Production|Any CPU
		{8A1B2C3D-4E5F-6A7B-8C9D-0E1F2A3B4C5D}.Production|Any CPU.Build.0 = Production|Any CPU
		{8A1B2C3D-4E5F-6A7B-8C9D-0E1F2A3B4C5D}.Release|Any CPU.ActiveCfg = Release|Any CPU
		{8A1B2C3D-4E5F-6A7B-8C9D-0E1F2A3B4C5D}.Release|Any CPU.Build.0 = Release|Any CPU
		{8A1B2C3D-4E5F-6A7B-8C9D-0E1F2A3B4C5D}.Staging|Any CPU.ActiveCfg = Staging|Any CPU
		{8A1B2C3D-4E5F-6A7B-8C9D-0E1F2A3B4C5D}.Staging|Any CPU.Build.0 = Staging|Any CPU
		{8A1B2C3D-4E5F-6A7B-8C9D-0E1F2A3B4C5D}.Testing|Any CPU.ActiveCfg = Testing|Any CPU
		{8A1B2C3D-4E5F-6A7B-8C9D-0E1F2A3B4C5D}.Testing|Any CPU.Build.0 = Testing|Any CPU
		{A1B2C3D4-E5F6-7890-ABCD-EF1234567890}.Debug|Any CPU.ActiveCfg = Debug|Any CPU
		{A1B2C3D4-E5F6-7890-ABCD-EF1234567890}.Debug|Any CPU.Build.0 = Debug|Any CPU
		{A1B2C3D4-E5F6-7890-ABCD-EF1234567890}.Production|Any CPU.ActiveCfg = Production|Any CPU
		{A1B2C3D4-E5F6-7890-ABCD-EF1234567890}.Production|Any CPU.Build.0 = Production|Any CPU
		{A1B2C3D4-E5F6-7890-ABCD-EF1234567890}.Release|Any CPU.ActiveCfg = Release|Any CPU
		{A1B2C3D4-E5F6-7890-ABCD-EF1234567890}.Release|Any CPU.Build.0 = Release|Any CPU
		{A1B2C3D4-E5F6-7890-ABCD-EF1234567890}.Staging|Any CPU.ActiveCfg = Staging|Any CPU
		{A1B2C3D4-E5F6-7890-ABCD-EF1234567890}.Staging|Any CPU.Build.0 = Staging|Any CPU
		{A1B2C3D4-E5F6-7890-ABCD-EF1234567890}.Testing|Any CPU.ActiveCfg = Testing|Any CPU
		{A1B2C3D4-E5F6-7890-ABCD-EF1234567890}.Testing|Any CPU.Build.0 = Testing|Any CPU
		{B5C6D7E8-F9A0-4B1C-8D2E-3F4A5B6C7D8E}.Debug|Any CPU.ActiveCfg = Debug|Any CPU
		{B5C6D7E8-F9A0-4B1C-8D2E-3F4A5B6C7D8E}.Debug|Any CPU.Build.0 = Debug|Any CPU
		{B5C6D7E8-F9A0-4B1C-8D2E-3F4A5B6C7D8E}.Production|Any CPU.ActiveCfg = Production|Any CPU
		{B5C6D7E8-F9A0-4B1C-8D2E-3F4A5B6C7D8E}.Production|Any CPU.Build.0 = Production|Any CPU
		{B5C6D7E8-F9A0-4B1C-8D2E-3F4A5B6C7D8E}.Release|Any CPU.ActiveCfg = Release|Any CPU
		{B5C6D7E8-F9A0-4B1C-8D2E-3F4A5B6C7D8E}.Release|Any CPU.Build.0 = Release|Any CPU
		{B5C6D7E8-F9A0-4B1C-8D2E-3F4A5B6C7D8E}.Staging|Any CPU.ActiveCfg = Staging|Any CPU
		{B5C6D7E8-F9A0-4B1C-8D2E-3F4A5B6C7D8E}.Staging|Any CPU.Build.0 = Staging|Any CPU
		{B5C6D7E8-F9A0-4B1C-8D2E-3F4A5B6C7D8E}.Testing|Any CPU.ActiveCfg = Testing|Any CPU
		{B5C6D7E8-F9A0-4B1C-8D2E-3F4A5B6C7D8E}.Testing|Any CPU.Build.0 = Testing|Any CPU
	EndGlobalSection
	GlobalSection(SolutionProperties) = preSolution
		HideSolutionNode = FALSE
	EndGlobalSection
	GlobalSection(ExtensibilityGlobals) = postSolution
		EnterpriseLibraryConfigurationToolBinariesPath = packages\Unity.2.1.505.0\lib\NET35;packages\Unity.Interception.2.1.505.0\lib\NET35;packages\EnterpriseLibrary.Common.5.0.505.0\lib\NET35;packages\EnterpriseLibrary.ExceptionHandling.5.0.505.0\lib\NET35
		SolutionGuid = {3CFBC761-67AE-46C2-A44A-4AFBA2F817DD}
	EndGlobalSection
	GlobalSection(TestCaseManagementSettings) = postSolution
		CategoryFile = AFLOD1.vsmdi
	EndGlobalSection
EndGlobal
